// !$*UTF8*$!
{
	archiveVersion = 1;
	classes = {
	};
	objectVersion = 50;
	objects = {

/* Begin PBXBuildFile section */
		2F5B1FCA23F877D300736827 /* AppDelegate.swift in Sources */ = {isa = PBXBuildFile; fileRef = 2F5B1FC923F877D300736827 /* AppDelegate.swift */; };
		2F5B1FCC23F877D300736827 /* SceneDelegate.swift in Sources */ = {isa = PBXBuildFile; fileRef = 2F5B1FCB23F877D300736827 /* SceneDelegate.swift */; };
		2F5B1FCE23F877D300736827 /* ViewController.swift in Sources */ = {isa = PBXBuildFile; fileRef = 2F5B1FCD23F877D300736827 /* ViewController.swift */; };
		2F5B1FD123F877D300736827 /* Main.storyboard in Resources */ = {isa = PBXBuildFile; fileRef = 2F5B1FCF23F877D300736827 /* Main.storyboard */; };
		2F5B1FD323F877DE00736827 /* Assets.xcassets in Resources */ = {isa = PBXBuildFile; fileRef = 2F5B1FD223F877DE00736827 /* Assets.xcassets */; };
		2F5B1FD623F877DE00736827 /* LaunchScreen.storyboard in Resources */ = {isa = PBXBuildFile; fileRef = 2F5B1FD423F877DE00736827 /* LaunchScreen.storyboard */; };
		2F5B1FE123F877DF00736827 /* FlashcardsTests.swift in Sources */ = {isa = PBXBuildFile; fileRef = 2F5B1FE023F877DF00736827 /* FlashcardsTests.swift */; };
		2F5B1FEC23F877DF00736827 /* FlashcardsUITests.swift in Sources */ = {isa = PBXBuildFile; fileRef = 2F5B1FEB23F877DF00736827 /* FlashcardsUITests.swift */; };
/* End PBXBuildFile section */

/* Begin PBXContainerItemProxy section */
		2F5B1FDD23F877DF00736827 /* PBXContainerItemProxy */ = {
			isa = PBXContainerItemProxy;
			containerPortal = 2F5B1FBE23F877D300736827 /* Project object */;
			proxyType = 1;
			remoteGlobalIDString = 2F5B1FC523F877D300736827;
			remoteInfo = Flashcards;
		};
		2F5B1FE823F877DF00736827 /* PBXContainerItemProxy */ = {
			isa = PBXContainerItemProxy;
			containerPortal = 2F5B1FBE23F877D300736827 /* Project object */;
			proxyType = 1;
			remoteGlobalIDString = 2F5B1FC523F877D300736827;
			remoteInfo = Flashcards;
		};
/* End PBXContainerItemProxy section */

/* Begin PBXFileReference section */
		2F5B1FC623F877D300736827 /* Flashcards.app */ = {isa = PBXFileReference; explicitFileType = wrapper.application; includeInIndex = 0; path = Flashcards.app; sourceTree = BUILT_PRODUCTS_DIR; };
		2F5B1FC923F877D300736827 /* AppDelegate.swift */ = {isa = PBXFileReference; lastKnownFileType = sourcecode.swift; path = AppDelegate.swift; sourceTree = "<group>"; };
		2F5B1FCB23F877D300736827 /* SceneDelegate.swift */ = {isa = PBXFileReference; lastKnownFileType = sourcecode.swift; path = SceneDelegate.swift; sourceTree = "<group>"; };
		2F5B1FCD23F877D300736827 /* ViewController.swift */ = {isa = PBXFileReference; lastKnownFileType = sourcecode.swift; path = ViewController.swift; sourceTree = "<group>"; };
		2F5B1FD023F877D300736827 /* Base */ = {isa = PBXFileReference; lastKnownFileType = file.storyboard; name = Base; path = Base.lproj/Main.storyboard; sourceTree = "<group>"; };
		2F5B1FD223F877DE00736827 /* Assets.xcassets */ = {isa = PBXFileReference; lastKnownFileType = folder.assetcatalog; path = Assets.xcassets; sourceTree = "<group>"; };
		2F5B1FD523F877DE00736827 /* Base */ = {isa = PBXFileReference; lastKnownFileType = file.storyboard; name = Base; path = Base.lproj/LaunchScreen.storyboard; sourceTree = "<group>"; };
		2F5B1FD723F877DE00736827 /* Info.plist */ = {isa = PBXFileReference; lastKnownFileType = text.plist.xml; path = Info.plist; sourceTree = "<group>"; };
		2F5B1FDC23F877DF00736827 /* FlashcardsTests.xctest */ = {isa = PBXFileReference; explicitFileType = wrapper.cfbundle; includeInIndex = 0; path = FlashcardsTests.xctest; sourceTree = BUILT_PRODUCTS_DIR; };
		2F5B1FE023F877DF00736827 /* FlashcardsTests.swift */ = {isa = PBXFileReference; lastKnownFileType = sourcecode.swift; path = FlashcardsTests.swift; sourceTree = "<group>"; };
		2F5B1FE223F877DF00736827 /* Info.plist */ = {isa = PBXFileReference; lastKnownFileType = text.plist.xml; path = Info.plist; sourceTree = "<group>"; };
		2F5B1FE723F877DF00736827 /* FlashcardsUITests.xctest */ = {isa = PBXFileReference; explicitFileType = wrapper.cfbundle; includeInIndex = 0; path = FlashcardsUITests.xctest; sourceTree = BUILT_PRODUCTS_DIR; };
		2F5B1FEB23F877DF00736827 /* FlashcardsUITests.swift */ = {isa = PBXFileReference; lastKnownFileType = sourcecode.swift; path = FlashcardsUITests.swift; sourceTree = "<group>"; };
		2F5B1FED23F877DF00736827 /* Info.plist */ = {isa = PBXFileReference; lastKnownFileType = text.plist.xml; path = Info.plist; sourceTree = "<group>"; };
/* End PBXFileReference section */

/* Begin PBXFrameworksBuildPhase section */
		2F5B1FC323F877D300736827 /* Frameworks */ = {
			isa = PBXFrameworksBuildPhase;
			buildActionMask = 2147483647;
			files = (
			);
			runOnlyForDeploymentPostprocessing = 0;
		};
		2F5B1FD923F877DF00736827 /* Frameworks */ = {
			isa = PBXFrameworksBuildPhase;
			buildActionMask = 2147483647;
			files = (
			);
			runOnlyForDeploymentPostprocessing = 0;
		};
		2F5B1FE423F877DF00736827 /* Frameworks */ = {
			isa = PBXFrameworksBuildPhase;
			buildActionMask = 2147483647;
			files = (
			);
			runOnlyForDeploymentPostprocessing = 0;
		};
/* End PBXFrameworksBuildPhase section */

/* Begin PBXGroup section */
		2F5B1FBD23F877D300736827 = {
			isa = PBXGroup;
			children = (
				2F5B1FC823F877D300736827 /* Flashcards */,
				2F5B1FDF23F877DF00736827 /* FlashcardsTests */,
				2F5B1FEA23F877DF00736827 /* FlashcardsUITests */,
				2F5B1FC723F877D300736827 /* Products */,
			);
			sourceTree = "<group>";
		};
		2F5B1FC723F877D300736827 /* Products */ = {
			isa = PBXGroup;
			children = (
				2F5B1FC623F877D300736827 /* Flashcards.app */,
				2F5B1FDC23F877DF00736827 /* FlashcardsTests.xctest */,
				2F5B1FE723F877DF00736827 /* FlashcardsUITests.xctest */,
			);
			name = Products;
			sourceTree = "<group>";
		};
		2F5B1FC823F877D300736827 /* Flashcards */ = {
			isa = PBXGroup;
			children = (
				2F5B1FC923F877D300736827 /* AppDelegate.swift */,
				2F5B1FCB23F877D300736827 /* SceneDelegate.swift */,
				2F5B1FCD23F877D300736827 /* ViewController.swift */,
				2F5B1FCF23F877D300736827 /* Main.storyboard */,
				2F5B1FD223F877DE00736827 /* Assets.xcassets */,
				2F5B1FD423F877DE00736827 /* LaunchScreen.storyboard */,
				2F5B1FD723F877DE00736827 /* Info.plist */,
			);
			path = Flashcards;
			sourceTree = "<group>";
		};
		2F5B1FDF23F877DF00736827 /* FlashcardsTests */ = {
			isa = PBXGroup;
			children = (
				2F5B1FE023F877DF00736827 /* FlashcardsTests.swift */,
				2F5B1FE223F877DF00736827 /* Info.plist */,
			);
			path = FlashcardsTests;
			sourceTree = "<group>";
		};
		2F5B1FEA23F877DF00736827 /* FlashcardsUITests */ = {
			isa = PBXGroup;
			children = (
				2F5B1FEB23F877DF00736827 /* FlashcardsUITests.swift */,
				2F5B1FED23F877DF00736827 /* Info.plist */,
			);
			path = FlashcardsUITests;
			sourceTree = "<group>";
		};
/* End PBXGroup section */

/* Begin PBXNativeTarget section */
		2F5B1FC523F877D300736827 /* Flashcards */ = {
			isa = PBXNativeTarget;
			buildConfigurationList = 2F5B1FF023F877DF00736827 /* Build configuration list for PBXNativeTarget "Flashcards" */;
			buildPhases = (
				2F5B1FC223F877D300736827 /* Sources */,
				2F5B1FC323F877D300736827 /* Frameworks */,
				2F5B1FC423F877D300736827 /* Resources */,
			);
			buildRules = (
			);
			dependencies = (
			);
			name = Flashcards;
			productName = Flashcards;
			productReference = 2F5B1FC623F877D300736827 /* Flashcards.app */;
			productType = "com.apple.product-type.application";
		};
		2F5B1FDB23F877DF00736827 /* FlashcardsTests */ = {
			isa = PBXNativeTarget;
			buildConfigurationList = 2F5B1FF323F877DF00736827 /* Build configuration list for PBXNativeTarget "FlashcardsTests" */;
			buildPhases = (
				2F5B1FD823F877DF00736827 /* Sources */,
				2F5B1FD923F877DF00736827 /* Frameworks */,
				2F5B1FDA23F877DF00736827 /* Resources */,
			);
			buildRules = (
			);
			dependencies = (
				2F5B1FDE23F877DF00736827 /* PBXTargetDependency */,
			);
			name = FlashcardsTests;
			productName = FlashcardsTests;
			productReference = 2F5B1FDC23F877DF00736827 /* FlashcardsTests.xctest */;
			productType = "com.apple.product-type.bundle.unit-test";
		};
		2F5B1FE623F877DF00736827 /* FlashcardsUITests */ = {
			isa = PBXNativeTarget;
			buildConfigurationList = 2F5B1FF623F877DF00736827 /* Build configuration list for PBXNativeTarget "FlashcardsUITests" */;
			buildPhases = (
				2F5B1FE323F877DF00736827 /* Sources */,
				2F5B1FE423F877DF00736827 /* Frameworks */,
				2F5B1FE523F877DF00736827 /* Resources */,
			);
			buildRules = (
			);
			dependencies = (
				2F5B1FE923F877DF00736827 /* PBXTargetDependency */,
			);
			name = FlashcardsUITests;
			productName = FlashcardsUITests;
			productReference = 2F5B1FE723F877DF00736827 /* FlashcardsUITests.xctest */;
			productType = "com.apple.product-type.bundle.ui-testing";
		};
/* End PBXNativeTarget section */

/* Begin PBXProject section */
		2F5B1FBE23F877D300736827 /* Project object */ = {
			isa = PBXProject;
			attributes = {
				LastSwiftUpdateCheck = 1130;
				LastUpgradeCheck = 1130;
				ORGANIZATIONNAME = "Korali K.";
				TargetAttributes = {
					2F5B1FC523F877D300736827 = {
						CreatedOnToolsVersion = 11.3.1;
					};
					2F5B1FDB23F877DF00736827 = {
						CreatedOnToolsVersion = 11.3.1;
						TestTargetID = 2F5B1FC523F877D300736827;
					};
					2F5B1FE623F877DF00736827 = {
						CreatedOnToolsVersion = 11.3.1;
						TestTargetID = 2F5B1FC523F877D300736827;
					};
				};
			};
			buildConfigurationList = 2F5B1FC123F877D300736827 /* Build configuration list for PBXProject "Flashcards" */;
			compatibilityVersion = "Xcode 9.3";
			developmentRegion = en;
			hasScannedForEncodings = 0;
			knownRegions = (
				en,
				Base,
			);
			mainGroup = 2F5B1FBD23F877D300736827;
			productRefGroup = 2F5B1FC723F877D300736827 /* Products */;
			projectDirPath = "";
			projectRoot = "";
			targets = (
				2F5B1FC523F877D300736827 /* Flashcards */,
				2F5B1FDB23F877DF00736827 /* FlashcardsTests */,
				2F5B1FE623F877DF00736827 /* FlashcardsUITests */,
			);
		};
/* End PBXProject section */

/* Begin PBXResourcesBuildPhase section */
		2F5B1FC423F877D300736827 /* Resources */ = {
			isa = PBXResourcesBuildPhase;
			buildActionMask = 2147483647;
			files = (
				2F5B1FD623F877DE00736827 /* LaunchScreen.storyboard in Resources */,
				2F5B1FD323F877DE00736827 /* Assets.xcassets in Resources */,
				2F5B1FD123F877D300736827 /* Main.storyboard in Resources */,
			);
			runOnlyForDeploymentPostprocessing = 0;
		};
		2F5B1FDA23F877DF00736827 /* Resources */ = {
			isa = PBXResourcesBuildPhase;
			buildActionMask = 2147483647;
			files = (
			);
			runOnlyForDeploymentPostprocessing = 0;
		};
		2F5B1FE523F877DF00736827 /* Resources */ = {
			isa = PBXResourcesBuildPhase;
			buildActionMask = 2147483647;
			files = (
			);
			runOnlyForDeploymentPostprocessing = 0;
		};
/* End PBXResourcesBuildPhase section */

/* Begin PBXSourcesBuildPhase section */
		2F5B1FC223F877D300736827 /* Sources */ = {
			isa = PBXSourcesBuildPhase;
			buildActionMask = 2147483647;
			files = (
				2F5B1FCE23F877D300736827 /* ViewController.swift in Sources */,
				2F5B1FCA23F877D300736827 /* AppDelegate.swift in Sources */,
				2F5B1FCC23F877D300736827 /* SceneDelegate.swift in Sources */,
			);
			runOnlyForDeploymentPostprocessing = 0;
		};
		2F5B1FD823F877DF00736827 /* Sources */ = {
			isa = PBXSourcesBuildPhase;
			buildActionMask = 2147483647;
			files = (
				2F5B1FE123F877DF00736827 /* FlashcardsTests.swift in Sources */,
			);
			runOnlyForDeploymentPostprocessing = 0;
		};
		2F5B1FE323F877DF00736827 /* Sources */ = {
			isa = PBXSourcesBuildPhase;
			buildActionMask = 2147483647;
			files = (
				2F5B1FEC23F877DF00736827 /* FlashcardsUITests.swift in Sources */,
			);
			runOnlyForDeploymentPostprocessing = 0;
		};
/* End PBXSourcesBuildPhase section */

/* Begin PBXTargetDependency section */
		2F5B1FDE23F877DF00736827 /* PBXTargetDependency */ = {
			isa = PBXTargetDependency;
			target = 2F5B1FC523F877D300736827 /* Flashcards */;
			targetProxy = 2F5B1FDD23F877DF00736827 /* PBXContainerItemProxy */;
		};
		2F5B1FE923F877DF00736827 /* PBXTargetDependency */ = {
			isa = PBXTargetDependency;
			target = 2F5B1FC523F877D300736827 /* Flashcards */;
			targetProxy = 2F5B1FE823F877DF00736827 /* PBXContainerItemProxy */;
		};
/* End PBXTargetDependency section */

/* Begin PBXVariantGroup section */
		2F5B1FCF23F877D300736827 /* Main.storyboard */ = {
			isa = PBXVariantGroup;
			children = (
				2F5B1FD023F877D300736827 /* Base */,
			);
			name = Main.storyboard;
			sourceTree = "<group>";
		};
		2F5B1FD423F877DE00736827 /* LaunchScreen.storyboard */ = {
			isa = PBXVariantGroup;
			children = (
				2F5B1FD523F877DE00736827 /* Base */,
			);
			name = LaunchScreen.storyboard;
			sourceTree = "<group>";
		};
/* End PBXVariantGroup section */

/* Begin XCBuildConfiguration section */
		2F5B1FEE23F877DF00736827 /* Debug */ = {
			isa = XCBuildConfiguration;
			buildSettings = {
				ALWAYS_SEARCH_USER_PATHS = NO;
				CLANG_ANALYZER_NONNULL = YES;
				CLANG_ANALYZER_NUMBER_OBJECT_CONVERSION = YES_AGGRESSIVE;
				CLANG_CXX_LANGUAGE_STANDARD = "gnu++14";
				CLANG_CXX_LIBRARY = "libc++";
				CLANG_ENABLE_MODULES = YES;
				CLANG_ENABLE_OBJC_ARC = YES;
				CLANG_ENABLE_OBJC_WEAK = YES;
				CLANG_WARN_BLOCK_CAPTURE_AUTORELEASING = YES;
				CLANG_WARN_BOOL_CONVERSION = YES;
				CLANG_WARN_COMMA = YES;
				CLANG_WARN_CONSTANT_CONVERSION = YES;
				CLANG_WARN_DEPRECATED_OBJC_IMPLEMENTATIONS = YES;
				CLANG_WARN_DIRECT_OBJC_ISA_USAGE = YES_ERROR;
				CLANG_WARN_DOCUMENTATION_COMMENTS = YES;
				CLANG_WARN_EMPTY_BODY = YES;
				CLANG_WARN_ENUM_CONVERSION = YES;
				CLANG_WARN_INFINITE_RECURSION = YES;
				CLANG_WARN_INT_CONVERSION = YES;
				CLANG_WARN_NON_LITERAL_NULL_CONVERSION = YES;
				CLANG_WARN_OBJC_IMPLICIT_RETAIN_SELF = YES;
				CLANG_WARN_OBJC_LITERAL_CONVERSION = YES;
				CLANG_WARN_OBJC_ROOT_CLASS = YES_ERROR;
				CLANG_WARN_RANGE_LOOP_ANALYSIS = YES;
				CLANG_WARN_STRICT_PROTOTYPES = YES;
				CLANG_WARN_SUSPICIOUS_MOVE = YES;
				CLANG_WARN_UNGUARDED_AVAILABILITY = YES_AGGRESSIVE;
				CLANG_WARN_UNREACHABLE_CODE = YES;
				CLANG_WARN__DUPLICATE_METHOD_MATCH = YES;
				COPY_PHASE_STRIP = NO;
				DEBUG_INFORMATION_FORMAT = dwarf;
				ENABLE_STRICT_OBJC_MSGSEND = YES;
				ENABLE_TESTABILITY = YES;
				GCC_C_LANGUAGE_STANDARD = gnu11;
				GCC_DYNAMIC_NO_PIC = NO;
				GCC_NO_COMMON_BLOCKS = YES;
				GCC_OPTIMIZATION_LEVEL = 0;
				GCC_PREPROCESSOR_DEFINITIONS = (
					"DEBUG=1",
					"$(inherited)",
				);
				GCC_WARN_64_TO_32_BIT_CONVERSION = YES;
				GCC_WARN_ABOUT_RETURN_TYPE = YES_ERROR;
				GCC_WARN_UNDECLARED_SELECTOR = YES;
				GCC_WARN_UNINITIALIZED_AUTOS = YES_AGGRESSIVE;
				GCC_WARN_UNUSED_FUNCTION = YES;
				GCC_WARN_UNUSED_VARIABLE = YES;
				IPHONEOS_DEPLOYMENT_TARGET = 13.2;
				MTL_ENABLE_DEBUG_INFO = INCLUDE_SOURCE;
				MTL_FAST_MATH = YES;
				ONLY_ACTIVE_ARCH = YES;
				SDKROOT = iphoneos;
				SWIFT_ACTIVE_COMPILATION_CONDITIONS = DEBUG;
				SWIFT_OPTIMIZATION_LEVEL = "-Onone";
			};
			name = Debug;
		};
		2F5B1FEF23F877DF00736827 /* Release */ = {
			isa = XCBuildConfiguration;
			buildSettings = {
				ALWAYS_SEARCH_USER_PATHS = NO;
				CLANG_ANALYZER_NONNULL = YES;
				CLANG_ANALYZER_NUMBER_OBJECT_CONVERSION = YES_AGGRESSIVE;
				CLANG_CXX_LANGUAGE_STANDARD = "gnu++14";
				CLANG_CXX_LIBRARY = "libc++";
				CLANG_ENABLE_MODULES = YES;
				CLANG_ENABLE_OBJC_ARC = YES;
				CLANG_ENABLE_OBJC_WEAK = YES;
				CLANG_WARN_BLOCK_CAPTURE_AUTORELEASING = YES;
				CLANG_WARN_BOOL_CONVERSION = YES;
				CLANG_WARN_COMMA = YES;
				CLANG_WARN_CONSTANT_CONVERSION = YES;
				CLANG_WARN_DEPRECATED_OBJC_IMPLEMENTATIONS = YES;
				CLANG_WARN_DIRECT_OBJC_ISA_USAGE = YES_ERROR;
				CLANG_WARN_DOCUMENTATION_COMMENTS = YES;
				CLANG_WARN_EMPTY_BODY = YES;
				CLANG_WARN_ENUM_CONVERSION = YES;
				CLANG_WARN_INFINITE_RECURSION = YES;
				CLANG_WARN_INT_CONVERSION = YES;
				CLANG_WARN_NON_LITERAL_NULL_CONVERSION = YES;
				CLANG_WARN_OBJC_IMPLICIT_RETAIN_SELF = YES;
				CLANG_WARN_OBJC_LITERAL_CONVERSION = YES;
				CLANG_WARN_OBJC_ROOT_CLASS = YES_ERROR;
				CLANG_WARN_RANGE_LOOP_ANALYSIS = YES;
				CLANG_WARN_STRICT_PROTOTYPES = YES;
				CLANG_WARN_SUSPICIOUS_MOVE = YES;
				CLANG_WARN_UNGUARDED_AVAILABILITY = YES_AGGRESSIVE;
				CLANG_WARN_UNREACHABLE_CODE = YES;
				CLANG_WARN__DUPLICATE_METHOD_MATCH = YES;
				COPY_PHASE_STRIP = NO;
				DEBUG_INFORMATION_FORMAT = "dwarf-with-dsym";
				ENABLE_NS_ASSERTIONS = NO;
				ENABLE_STRICT_OBJC_MSGSEND = YES;
				GCC_C_LANGUAGE_STANDARD = gnu11;
				GCC_NO_COMMON_BLOCKS = YES;
				GCC_WARN_64_TO_32_BIT_CONVERSION = YES;
				GCC_WARN_ABOUT_RETURN_TYPE = YES_ERROR;
				GCC_WARN_UNDECLARED_SELECTOR = YES;
				GCC_WARN_UNINITIALIZED_AUTOS = YES_AGGRESSIVE;
				GCC_WARN_UNUSED_FUNCTION = YES;
				GCC_WARN_UNUSED_VARIABLE = YES;
				IPHONEOS_DEPLOYMENT_TARGET = 13.2;
				MTL_ENABLE_DEBUG_INFO = NO;
				MTL_FAST_MATH = YES;
				SDKROOT = iphoneos;
				SWIFT_COMPILATION_MODE = wholemodule;
				SWIFT_OPTIMIZATION_LEVEL = "-O";
				VALIDATE_PRODUCT = YES;
			};
			name = Release;
		};
		2F5B1FF123F877DF00736827 /* Debug */ = {
			isa = XCBuildConfiguration;
			buildSettings = {
				ASSETCATALOG_COMPILER_APPICON_NAME = AppIcon;
				CODE_SIGN_STYLE = Automatic;
				INFOPLIST_FILE = Flashcards/Info.plist;
				LD_RUNPATH_SEARCH_PATHS = (
					"$(inherited)",
					"@executable_path/Frameworks",
				);
				PRODUCT_BUNDLE_IDENTIFIER = com.Korali.Flashcards;
				PRODUCT_NAME = "$(TARGET_NAME)";
				SWIFT_VERSION = 5.0;
				TARGETED_DEVICE_FAMILY = "1,2";
			};
			name = Debug;
		};
		2F5B1FF223F877DF00736827 /* Release */ = {
			isa = XCBuildConfiguration;
			buildSettings = {
				ASSETCATALOG_COMPILER_APPICON_NAME = AppIcon;
				CODE_SIGN_STYLE = Automatic;
				INFOPLIST_FILE = Flashcards/Info.plist;
				LD_RUNPATH_SEARCH_PATHS = (
					"$(inherited)",
					"@executable_path/Frameworks",
				);
				PRODUCT_BUNDLE_IDENTIFIER = com.Korali.Flashcards;
				PRODUCT_NAME = "$(TARGET_NAME)";
				SWIFT_VERSION = 5.0;
				TARGETED_DEVICE_FAMILY = "1,2";
			};
			name = Release;
		};
		2F5B1FF423F877DF00736827 /* Debug */ = {
			isa = XCBuildConfiguration;
			buildSettings = {
				ALWAYS_EMBED_SWIFT_STANDARD_LIBRARIES = YES;
				BUNDLE_LOADER = "$(TEST_HOST)";
				CODE_SIGN_STYLE = Automatic;
				INFOPLIST_FILE = FlashcardsTests/Info.plist;
				IPHONEOS_DEPLOYMENT_TARGET = 13.2;
				LD_RUNPATH_SEARCH_PATHS = (
					"$(inherited)",
					"@executable_path/Frameworks",
					"@loader_path/Frameworks",
				);
				PRODUCT_BUNDLE_IDENTIFIER = com.Korali.FlashcardsTests;
				PRODUCT_NAME = "$(TARGET_NAME)";
				SWIFT_VERSION = 5.0;
				TARGETED_DEVICE_FAMILY = "1,2";
				TEST_HOST = "$(BUILT_PRODUCTS_DIR)/Flashcards.app/Flashcards";
			};
			name = Debug;
		};
		2F5B1FF523F877DF00736827 /* Release */ = {
			isa = XCBuildConfiguration;
			buildSettings = {
				ALWAYS_EMBED_SWIFT_STANDARD_LIBRARIES = YES;
				BUNDLE_LOADER = "$(TEST_HOST)";
				CODE_SIGN_STYLE = Automatic;
				INFOPLIST_FILE = FlashcardsTests/Info.plist;
				IPHONEOS_DEPLOYMENT_TARGET = 13.2;
				LD_RUNPATH_SEARCH_PATHS = (
					"$(inherited)",
					"@executable_path/Frameworks",
					"@loader_path/Frameworks",
				);
				PRODUCT_BUNDLE_IDENTIFIER = com.Korali.FlashcardsTests;
				PRODUCT_NAME = "$(TARGET_NAME)";
				SWIFT_VERSION = 5.0;
				TARGETED_DEVICE_FAMILY = "1,2";
				TEST_HOST = "$(BUILT_PRODUCTS_DIR)/Flashcards.app/Flashcards";
			};
			name = Release;
		};
		2F5B1FF723F877DF00736827 /* Debug */ = {
			isa = XCBuildConfiguration;
			buildSettings = {
				ALWAYS_EMBED_SWIFT_STANDARD_LIBRARIES = YES;
				CODE_SIGN_STYLE = Automatic;
				INFOPLIST_FILE = FlashcardsUITests/Info.plist;
				LD_RUNPATH_SEARCH_PATHS = (
					"$(inherited)",
					"@executable_path/Frameworks",
					"@loader_path/Frameworks",
				);
				PRODUCT_BUNDLE_IDENTIFIER = com.Korali.FlashcardsUITests;
				PRODUCT_NAME = "$(TARGET_NAME)";
				SWIFT_VERSION = 5.0;
				TARGETED_DEVICE_FAMILY = "1,2";
				TEST_TARGET_NAME = Flashcards;
			};
			name = Debug;
		};
		2F5B1FF823F877DF00736827 /* Release */ = {
			isa = XCBuildConfiguration;
			buildSettings = {
				ALWAYS_EMBED_SWIFT_STANDARD_LIBRARIES = YES;
				CODE_SIGN_STYLE = Automatic;
				INFOPLIST_FILE = FlashcardsUITests/Info.plist;
				LD_RUNPATH_SEARCH_PATHS = (
					"$(inherited)",
					"@executable_path/Frameworks",
					"@loader_path/Frameworks",
				);
				PRODUCT_BUNDLE_IDENTIFIER = com.Korali.FlashcardsUITests;
				PRODUCT_NAME = "$(TARGET_NAME)";
				SWIFT_VERSION = 5.0;
				TARGETED_DEVICE_FAMILY = "1,2";
				TEST_TARGET_NAME = Flashcards;
			};
			name = Release;
		};
/* End XCBuildConfiguration section */

/* Begin XCConfigurationList section */
		2F5B1FC123F877D300736827 /* Build configuration list for PBXProject "Flashcards" */ = {
			isa = XCConfigurationList;
			buildConfigurations = (
				2F5B1FEE23F877DF00736827 /* Debug */,
				2F5B1FEF23F877DF00736827 /* Release */,
			);
			defaultConfigurationIsVisible = 0;
			defaultConfigurationName = Release;
		};
		2F5B1FF023F877DF00736827 /* Build configuration list for PBXNativeTarget "Flashcards" */ = {
			isa = XCConfigurationList;
			buildConfigurations = (
				2F5B1FF123F877DF00736827 /* Debug */,
				2F5B1FF223F877DF00736827 /* Release */,
			);
			defaultConfigurationIsVisible = 0;
			defaultConfigurationName = Release;
		};
		2F5B1FF323F877DF00736827 /* Build configuration list for PBXNativeTarget "FlashcardsTests" */ = {
			isa = XCConfigurationList;
			buildConfigurations = (
				2F5B1FF423F877DF00736827 /* Debug */,
				2F5B1FF523F877DF00736827 /* Release */,
			);
			defaultConfigurationIsVisible = 0;
			defaultConfigurationName = Release;
		};
		2F5B1FF623F877DF00736827 /* Build configuration list for PBXNativeTarget "FlashcardsUITests" */ = {
			isa = XCConfigurationList;
			buildConfigurations = (
				2F5B1FF723F877DF00736827 /* Debug */,
				2F5B1FF823F877DF00736827 /* Release */,
			);
			defaultConfigurationIsVisible = 0;
			defaultConfigurationName = Release;
		};
/* End XCConfigurationList section */
	};
	rootObject = 2F5B1FBE23F877D300736827 /* Project object */;
}
